{
  "name": "graph-react-apollo",
  "version": "0.1.0",
  "lockfileVersion": 1,
  "requires": true,
  "dependencies": {
    "tachyons": {
      "version": "4.10.0",
      "resolved": "http://registry.npm.taobao.org/tachyons/download/tachyons-4.10.0.tgz",
      "integrity": "sha1-h/oIjojZdZmD8qGw79Addnu++Hs=",
      "dev": true
    }
  }
}
